<?xml version="1.0" encoding="UTF-8" standalone="yes" ?>
<CodeBlocks_project_file>
	<FileVersion major="1" minor="6" />
	<Project>
		<Option title="chasem8" />
		<Option pch_mode="2" />
		<Option compiler="gcc" />
		<Build>
			<Target title="Debug">
				<Option output="bin/Debug/chasem8" prefix_auto="1" extension_auto="1" />
				<Option object_output="obj/Debug/" />
				<Option type="1" />
				<Option compiler="gcc" />
				<Compiler>
					<Add option="-g" />
					<Add directory="src" />
				</Compiler>
			</Target>
			<Target title="Release">
				<Option output="bin/Release/chasem8" prefix_auto="1" extension_auto="1" />
				<Option object_output="obj/Release/" />
				<Option type="1" />
				<Option compiler="gcc" />
				<Compiler>
					<Add option="-O2" />
					<Add directory="src" />
				</Compiler>
				<Linker>
					<Add option="-s" />
				</Linker>
			</Target>
			<Target title="Test">
				<Option output="bin/test/chasem8_test" prefix_auto="1" extension_auto="1" />
				<Option object_output="obj/test/" />
				<Option type="1" />
				<Option compiler="gcc" />
				<Compiler>
					<Add option="-DTESTING" />
					<Add directory="src" />
					<Add directory="test_src" />
				</Compiler>
			</Target>
		</Build>
		<VirtualTargets>
			<Add alias="All" targets="Debug;Release;Test;" />
		</VirtualTargets>
		<Compiler>
			<Add option="-Wall" />
			<Add option="-fexceptions" />
		</Compiler>
		<Unit filename="main.cc" />
		<Unit filename="src/assembler.cc" />
		<Unit filename="src/assembler.h" />
		<Unit filename="src/token.cc" />
		<Unit filename="src/token.h" />
		<Unit filename="test_src/tester.cc">
			<Option target="Test" />
		</Unit>
		<Unit filename="test_src/tester.h">
			<Option target="Test" />
		</Unit>
		<Extensions>
			<lib_finder>
				<lib name="cppunit" />
			</lib_finder>
		</Extensions>
	</Project>
</CodeBlocks_project_file>
