<?xml version="1.0" encoding="UTF-8" standalone="yes" ?>
<CodeBlocks_project_file>
	<FileVersion major="1" minor="6" />
	<Project>
		<Option title="gtk-chemul8" />
		<Option pch_mode="2" />
		<Option compiler="gcc" />
		<Build>
			<Target title="Debug">
				<Option output="bin/Debug/gtk-chemul8" prefix_auto="1" extension_auto="1" />
				<Option object_output="obj/Debug/" />
				<Option type="0" />
				<Option compiler="gcc" />
				<Compiler>
					<Add option="-g" />
					<Add option="`pkg-config --cflags gtkmm-3.0`" />
					<Add directory="guisrc" />
					<Add directory="logicsrc" />
				</Compiler>
				<Linker>
					<Add option="`pkg-config --libs gtkmm-3.0`" />
				</Linker>
			</Target>
			<Target title="Release">
				<Option output="bin/Release/gtk-chemul8" prefix_auto="1" extension_auto="1" />
				<Option object_output="obj/Release/" />
				<Option type="0" />
				<Option compiler="gcc" />
				<Compiler>
					<Add option="-O2" />
					<Add option="`pkg-config --cflags gtkmm-3.0`" />
					<Add directory="guisrc" />
					<Add directory="logicsrc" />
				</Compiler>
				<Linker>
					<Add option="-s" />
					<Add option="`pkg-config --libs gtkmm-3.0`" />
				</Linker>
			</Target>
			<Target title="Test">
				<Option output="bin/Test/gtk-chemul8-test" prefix_auto="1" extension_auto="1" />
				<Option object_output="obj/Test/" />
				<Option type="1" />
				<Option compiler="gcc" />
				<Compiler>
					<Add option="`pkg-config --cflags gtkmm-3.0 cppunit`" />
					<Add option="-DTESTING" />
					<Add directory="logicsrc" />
					<Add directory="logictest" />
				</Compiler>
				<Linker>
					<Add option="`pkg-config --libs gtkmm-3.0 cppunit`" />
				</Linker>
			</Target>
			<Target title="Windows 32bit">
				<Option output="bin/Windows32/gtk-chemul8.exe" prefix_auto="1" extension_auto="0" />
				<Option object_output="obj/Windows32/" />
				<Option type="0" />
				<Option compiler="mingw32_compiler_32_bit" />
				<Compiler>
					<Add option="-g" />
					<Add option="`pkg_config_wrapper 32 --cflags gtkmm-3.0`" />
					<Add directory="guisrc" />
					<Add directory="logicsrc" />
				</Compiler>
				<Linker>
					<Add option="`pkg_config_wrapper 32 --libs gtkmm-3.0`" />
				</Linker>
			</Target>
			<Target title="Windows 64bit">
				<Option output="bin/Windows64/gtk-chemul8.exe" prefix_auto="1" extension_auto="0" />
				<Option object_output="obj/Windows64/" />
				<Option type="0" />
				<Option compiler="mingw32_compiler" />
				<Compiler>
					<Add option="-g" />
					<Add option="`pkg_config_wrapper 64 --cflags gtkmm-3.0`" />
					<Add directory="guisrc" />
					<Add directory="logicsrc" />
				</Compiler>
				<Linker>
					<Add option="`pkg_config_wrapper 64 --libs gtkmm-3.0`" />
				</Linker>
			</Target>
		</Build>
		<VirtualTargets>
			<Add alias="All" targets="Debug;Release;Test;Windows 32bit;Windows 64bit;" />
		</VirtualTargets>
		<Compiler>
			<Add option="-Wall" />
		</Compiler>
		<ExtraCommands>
			<Add before="glib-compile-resources --target=guisrc/resources.c --sourcedir=guisrc --generate-source guisrc/gui.gresource.xml" />
		</ExtraCommands>
		<Unit filename=".gitignore">
			<Option target="Test" />
		</Unit>
		<Unit filename="README" />
		<Unit filename="guisrc/emulatorscreen.cc">
			<Option target="Debug" />
			<Option target="Release" />
			<Option target="Windows 32bit" />
			<Option target="Windows 64bit" />
		</Unit>
		<Unit filename="guisrc/emulatorscreen.h">
			<Option target="Debug" />
			<Option target="Release" />
			<Option target="Windows 32bit" />
			<Option target="Windows 64bit" />
		</Unit>
		<Unit filename="guisrc/gui.glade">
			<Option target="Debug" />
			<Option target="Release" />
			<Option target="Windows 32bit" />
			<Option target="Windows 64bit" />
		</Unit>
		<Unit filename="guisrc/gui.gresource.xml">
			<Option target="Debug" />
			<Option target="Release" />
			<Option target="Windows 32bit" />
			<Option target="Windows 64bit" />
		</Unit>
		<Unit filename="guisrc/guiapplication.cc">
			<Option target="Debug" />
			<Option target="Release" />
			<Option target="Windows 32bit" />
			<Option target="Windows 64bit" />
		</Unit>
		<Unit filename="guisrc/guiapplication.h">
			<Option target="Debug" />
			<Option target="Release" />
			<Option target="Windows 32bit" />
			<Option target="Windows 64bit" />
		</Unit>
		<Unit filename="guisrc/guicontroller.cc">
			<Option target="Debug" />
			<Option target="Release" />
			<Option target="Windows 32bit" />
			<Option target="Windows 64bit" />
		</Unit>
		<Unit filename="guisrc/guicontroller.h">
			<Option target="Debug" />
			<Option target="Release" />
			<Option target="Windows 32bit" />
			<Option target="Windows 64bit" />
		</Unit>
		<Unit filename="guisrc/guiview.cc">
			<Option target="Debug" />
			<Option target="Release" />
			<Option target="Windows 32bit" />
			<Option target="Windows 64bit" />
		</Unit>
		<Unit filename="guisrc/guiview.h">
			<Option target="Debug" />
			<Option target="Release" />
			<Option target="Windows 32bit" />
			<Option target="Windows 64bit" />
		</Unit>
		<Unit filename="guisrc/resources.c">
			<Option compilerVar="CC" />
			<Option target="Debug" />
			<Option target="Release" />
			<Option target="Windows 32bit" />
			<Option target="Windows 64bit" />
		</Unit>
		<Unit filename="logicsrc/appbase.h" />
		<Unit filename="logicsrc/appengine.cc" />
		<Unit filename="logicsrc/appengine.h" />
		<Unit filename="logictest/testappengine.cc">
			<Option target="Test" />
		</Unit>
		<Unit filename="logictest/testappengine.h">
			<Option target="Test" />
		</Unit>
		<Unit filename="logictest/testapplication.cc">
			<Option target="Test" />
		</Unit>
		<Unit filename="logictest/testapplication.h">
			<Option target="Test" />
		</Unit>
		<Unit filename="main.cc" />
		<Extensions>
			<lib_finder disable_auto="0" />
		</Extensions>
	</Project>
</CodeBlocks_project_file>
