<?xml version="1.0" encoding="UTF-8" standalone="yes" ?>
<CodeBlocks_project_file>
	<FileVersion major="1" minor="6" />
	<Project>
		<Option title="chemul8" />
		<Option pch_mode="2" />
		<Option compiler="gcc" />
		<Build>
			<Target title="Debug">
				<Option output="bin/Debug/chemul8" prefix_auto="1" extension_auto="1" />
				<Option object_output="obj/Debug/" />
				<Option type="1" />
				<Option compiler="gcc" />
				<Option parameters="chip8-test-suite.ch8" />
				<Compiler>
					<Add option="-g" />
				</Compiler>
			</Target>
			<Target title="Release">
				<Option output="bin/Release/chemul8" prefix_auto="1" extension_auto="1" />
				<Option object_output="obj/Release/" />
				<Option type="1" />
				<Option compiler="gcc" />
				<Compiler>
					<Add option="-O2" />
				</Compiler>
				<Linker>
					<Add option="-s" />
				</Linker>
			</Target>
			<Target title="Test">
				<Option output="bin/Test/chemul8" prefix_auto="1" extension_auto="1" />
				<Option object_output="obj/Test/" />
				<Option type="1" />
				<Option compiler="gcc" />
				<Compiler>
					<Add option="-DTESTING" />
					<Add directory="test_src" />
				</Compiler>
			</Target>
		</Build>
		<VirtualTargets>
			<Add alias="All" targets="Debug;Release;Test;" />
		</VirtualTargets>
		<Compiler>
			<Add option="-Wall" />
			<Add option="`sdl2-config --cflags`" />
			<Add directory="sdlsrc" />
			<Add directory="src" />
		</Compiler>
		<Linker>
			<Add option="`sdl2-config --libs`" />
		</Linker>
		<Unit filename="main.cc" />
		<Unit filename="sdlsrc/chemul8.cc" />
		<Unit filename="sdlsrc/chemul8.h" />
		<Unit filename="sdlsrc/resourcelayer.cc" />
		<Unit filename="sdlsrc/resourcelayer.h" />
		<Unit filename="src/chip8.cc" />
		<Unit filename="src/chip8.h" />
		<Unit filename="src/display.cc" />
		<Unit filename="src/display.h" />
		<Unit filename="src/keyboard.cc" />
		<Unit filename="src/keyboard.h" />
		<Unit filename="src/randometer.cc" />
		<Unit filename="src/randometer.h" />
		<Unit filename="src/timers.cc" />
		<Unit filename="src/timers.h" />
		<Unit filename="test_src/chemul8test.cc">
			<Option target="Test" />
		</Unit>
		<Unit filename="test_src/chemul8test.h">
			<Option target="Test" />
		</Unit>
		<Extensions>
			<lib_finder>
				<lib name="cppunit" />
			</lib_finder>
		</Extensions>
	</Project>
</CodeBlocks_project_file>
